// !$*UTF8*$!
{
	archiveVersion = 1;
	classes = {
	};
	objectVersion = 52;
	objects = {

/* Begin PBXBuildFile section */
		8C3C12D425D206B000881764 /* ProfileHeaderView.swift in Sources */ = {isa = PBXBuildFile; fileRef = 8C3C12D325D206B000881764 /* ProfileHeaderView.swift */; };
		8C3C12D725D206D500881764 /* ProfileCell.swift in Sources */ = {isa = PBXBuildFile; fileRef = 8C3C12D625D206D500881764 /* ProfileCell.swift */; };
		8C3C12DA25D226D000881764 /* UserService.swift in Sources */ = {isa = PBXBuildFile; fileRef = 8C3C12D925D226D000881764 /* UserService.swift */; };
		8C3C12DE25D2288500881764 /* User.swift in Sources */ = {isa = PBXBuildFile; fileRef = 8C3C12DD25D2288500881764 /* User.swift */; };
		8C3C12E225D22E5E00881764 /* EncodableExt.swift in Sources */ = {isa = PBXBuildFile; fileRef = 8C3C12E125D22E5E00881764 /* EncodableExt.swift */; };
		8C3C12E525D22E7A00881764 /* DataExt.swift in Sources */ = {isa = PBXBuildFile; fileRef = 8C3C12E425D22E7A00881764 /* DataExt.swift */; };
		8C3C12E825D230F600881764 /* DictionaryExt.swift in Sources */ = {isa = PBXBuildFile; fileRef = 8C3C12E725D230F600881764 /* DictionaryExt.swift */; };
		8C4AF43F25D0439B00FF4C99 /* LoginViewController.swift in Sources */ = {isa = PBXBuildFile; fileRef = 8C4AF43E25D0439B00FF4C99 /* LoginViewController.swift */; };
		8C4AF44325D059ED00FF4C99 /* SignUpViewController.swift in Sources */ = {isa = PBXBuildFile; fileRef = 8C4AF44225D059ED00FF4C99 /* SignUpViewController.swift */; };
		8C4AF44725D067B000FF4C99 /* PickerView.swift in Sources */ = {isa = PBXBuildFile; fileRef = 8C4AF44625D067B000FF4C99 /* PickerView.swift */; };
		8C4AF44A25D06F5A00FF4C99 /* SignUpViewModel.swift in Sources */ = {isa = PBXBuildFile; fileRef = 8C4AF44925D06F5A00FF4C99 /* SignUpViewModel.swift */; };
		8C4AF44D25D070EE00FF4C99 /* LoginViewModel.swift in Sources */ = {isa = PBXBuildFile; fileRef = 8C4AF44C25D070EE00FF4C99 /* LoginViewModel.swift */; };
		8C4AF45025D0724E00FF4C99 /* FirebaseInstances.swift in Sources */ = {isa = PBXBuildFile; fileRef = 8C4AF44F25D0724E00FF4C99 /* FirebaseInstances.swift */; };
		8C4AF45325D074C500FF4C99 /* AuthService.swift in Sources */ = {isa = PBXBuildFile; fileRef = 8C4AF45225D074C500FF4C99 /* AuthService.swift */; };
		8C4AF45725D0781200FF4C99 /* DBService.swift in Sources */ = {isa = PBXBuildFile; fileRef = 8C4AF45625D0781200FF4C99 /* DBService.swift */; };
		8C4AF45A25D078E200FF4C99 /* Constants.swift in Sources */ = {isa = PBXBuildFile; fileRef = 8C4AF45925D078E200FF4C99 /* Constants.swift */; };
		8C4AF45D25D07A1200FF4C99 /* StorageService.swift in Sources */ = {isa = PBXBuildFile; fileRef = 8C4AF45C25D07A1200FF4C99 /* StorageService.swift */; };
		8C4AF46125D098DC00FF4C99 /* JGProgressHUD in Frameworks */ = {isa = PBXBuildFile; productRef = 8C4AF46025D098DC00FF4C99 /* JGProgressHUD */; };
		8C4AF46425D099AF00FF4C99 /* Progress.swift in Sources */ = {isa = PBXBuildFile; fileRef = 8C4AF46325D099AF00FF4C99 /* Progress.swift */; };
		8C9DAD4425CFA50A00CE1847 /* AppDelegate.swift in Sources */ = {isa = PBXBuildFile; fileRef = 8C9DAD4325CFA50A00CE1847 /* AppDelegate.swift */; };
		8C9DAD4625CFA50A00CE1847 /* SceneDelegate.swift in Sources */ = {isa = PBXBuildFile; fileRef = 8C9DAD4525CFA50A00CE1847 /* SceneDelegate.swift */; };
		8C9DAD4D25CFA50B00CE1847 /* Assets.xcassets in Resources */ = {isa = PBXBuildFile; fileRef = 8C9DAD4C25CFA50B00CE1847 /* Assets.xcassets */; };
		8C9DAD5025CFA50B00CE1847 /* LaunchScreen.storyboard in Resources */ = {isa = PBXBuildFile; fileRef = 8C9DAD4E25CFA50B00CE1847 /* LaunchScreen.storyboard */; };
		8C9DAD6725CFA92600CE1847 /* MainViewController.swift in Sources */ = {isa = PBXBuildFile; fileRef = 8C9DAD6625CFA92600CE1847 /* MainViewController.swift */; };
		8C9DAD7625CFB02000CE1847 /* FirebaseRemoteConfig in Frameworks */ = {isa = PBXBuildFile; productRef = 8C9DAD7525CFB02000CE1847 /* FirebaseRemoteConfig */; };
		8C9DAD7825CFB02000CE1847 /* FirebaseStorage in Frameworks */ = {isa = PBXBuildFile; productRef = 8C9DAD7725CFB02000CE1847 /* FirebaseStorage */; };
		8C9DAD7A25CFB02000CE1847 /* FirebaseAuth in Frameworks */ = {isa = PBXBuildFile; productRef = 8C9DAD7925CFB02000CE1847 /* FirebaseAuth */; };
		8C9DAD7C25CFB02000CE1847 /* FirebaseFirestore in Frameworks */ = {isa = PBXBuildFile; productRef = 8C9DAD7B25CFB02000CE1847 /* FirebaseFirestore */; };
		8C9DAD7F25CFB25300CE1847 /* GoogleService-Info.plist in Resources */ = {isa = PBXBuildFile; fileRef = 8C9DAD7E25CFB25300CE1847 /* GoogleService-Info.plist */; };
		8C9DAD8525CFB82100CE1847 /* FeedViewController.swift in Sources */ = {isa = PBXBuildFile; fileRef = 8C9DAD8425CFB82100CE1847 /* FeedViewController.swift */; };
		8C9DAD8825CFB82A00CE1847 /* SearchViewController.swift in Sources */ = {isa = PBXBuildFile; fileRef = 8C9DAD8725CFB82A00CE1847 /* SearchViewController.swift */; };
		8C9DAD8B25CFB83600CE1847 /* ImageSelectorViewController.swift in Sources */ = {isa = PBXBuildFile; fileRef = 8C9DAD8A25CFB83600CE1847 /* ImageSelectorViewController.swift */; };
		8C9DAD8E25CFB84300CE1847 /* NotificationsViewController.swift in Sources */ = {isa = PBXBuildFile; fileRef = 8C9DAD8D25CFB84300CE1847 /* NotificationsViewController.swift */; };
		8C9DAD9125CFB84C00CE1847 /* ProfileViewController.swift in Sources */ = {isa = PBXBuildFile; fileRef = 8C9DAD9025CFB84C00CE1847 /* ProfileViewController.swift */; };
		8C9DAD9A25CFBCCD00CE1847 /* UIViewContronllerExt.swift in Sources */ = {isa = PBXBuildFile; fileRef = 8C9DAD9925CFBCCD00CE1847 /* UIViewContronllerExt.swift */; };
		8C9DAD9D25CFBE6C00CE1847 /* FactoryTabBarIcons.swift in Sources */ = {isa = PBXBuildFile; fileRef = 8C9DAD9C25CFBE6C00CE1847 /* FactoryTabBarIcons.swift */; };
		8C9DADA125CFC52300CE1847 /* BindingTextField.swift in Sources */ = {isa = PBXBuildFile; fileRef = 8C9DADA025CFC52300CE1847 /* BindingTextField.swift */; };
		8C9DADA625CFC69C00CE1847 /* Loaf in Frameworks */ = {isa = PBXBuildFile; productRef = 8C9DADA525CFC69C00CE1847 /* Loaf */; };
		8C9DADA925CFC78000CE1847 /* UIAlertActionExt.swift in Sources */ = {isa = PBXBuildFile; fileRef = 8C9DADA825CFC78000CE1847 /* UIAlertActionExt.swift */; };
		8C9DADAC25CFC83D00CE1847 /* StringExt.swift in Sources */ = {isa = PBXBuildFile; fileRef = 8C9DADAB25CFC83D00CE1847 /* StringExt.swift */; };
		8C9DADAF25CFC8FE00CE1847 /* UIColorExt.swift in Sources */ = {isa = PBXBuildFile; fileRef = 8C9DADAE25CFC8FE00CE1847 /* UIColorExt.swift */; };
		8C9DADB225CFC92400CE1847 /* NSNotificationExt.swift in Sources */ = {isa = PBXBuildFile; fileRef = 8C9DADB125CFC92400CE1847 /* NSNotificationExt.swift */; };
		8C9DADB525CFC95300CE1847 /* UIButtonExt.swift in Sources */ = {isa = PBXBuildFile; fileRef = 8C9DADB425CFC95300CE1847 /* UIButtonExt.swift */; };
		8C9DADB825CFC99B00CE1847 /* UILabelExt.swift in Sources */ = {isa = PBXBuildFile; fileRef = 8C9DADB725CFC99B00CE1847 /* UILabelExt.swift */; };
		8C9DADBB25CFC9F200CE1847 /* UITextFieldExt.swift in Sources */ = {isa = PBXBuildFile; fileRef = 8C9DADBA25CFC9F200CE1847 /* UITextFieldExt.swift */; };
		8C9DADBE25CFCA3500CE1847 /* UIViewExt.swift in Sources */ = {isa = PBXBuildFile; fileRef = 8C9DADBD25CFCA3500CE1847 /* UIViewExt.swift */; };
		8C9DADC125CFCB1A00CE1847 /* UIImageExt.swift in Sources */ = {isa = PBXBuildFile; fileRef = 8C9DADC025CFCB1A00CE1847 /* UIImageExt.swift */; };
		8CA4D6CC25D0BC1800208F91 /* NotificationNameExt.swift in Sources */ = {isa = PBXBuildFile; fileRef = 8CA4D6CB25D0BC1800208F91 /* NotificationNameExt.swift */; };
		8CA4D6CF25D0CBD900208F91 /* FeedCell.swift in Sources */ = {isa = PBXBuildFile; fileRef = 8CA4D6CE25D0CBD900208F91 /* FeedCell.swift */; };
/* End PBXBuildFile section */

/* Begin PBXFileReference section */
		8C3C12D325D206B000881764 /* ProfileHeaderView.swift */ = {isa = PBXFileReference; lastKnownFileType = sourcecode.swift; path = ProfileHeaderView.swift; sourceTree = "<group>"; };
		8C3C12D625D206D500881764 /* ProfileCell.swift */ = {isa = PBXFileReference; lastKnownFileType = sourcecode.swift; path = ProfileCell.swift; sourceTree = "<group>"; };
		8C3C12D925D226D000881764 /* UserService.swift */ = {isa = PBXFileReference; lastKnownFileType = sourcecode.swift; path = UserService.swift; sourceTree = "<group>"; };
		8C3C12DD25D2288500881764 /* User.swift */ = {isa = PBXFileReference; lastKnownFileType = sourcecode.swift; path = User.swift; sourceTree = "<group>"; };
		8C3C12E125D22E5E00881764 /* EncodableExt.swift */ = {isa = PBXFileReference; lastKnownFileType = sourcecode.swift; path = EncodableExt.swift; sourceTree = "<group>"; };
		8C3C12E425D22E7A00881764 /* DataExt.swift */ = {isa = PBXFileReference; lastKnownFileType = sourcecode.swift; path = DataExt.swift; sourceTree = "<group>"; };
		8C3C12E725D230F600881764 /* DictionaryExt.swift */ = {isa = PBXFileReference; lastKnownFileType = sourcecode.swift; path = DictionaryExt.swift; sourceTree = "<group>"; };
		8C4AF43E25D0439B00FF4C99 /* LoginViewController.swift */ = {isa = PBXFileReference; lastKnownFileType = sourcecode.swift; path = LoginViewController.swift; sourceTree = "<group>"; };
		8C4AF44225D059ED00FF4C99 /* SignUpViewController.swift */ = {isa = PBXFileReference; lastKnownFileType = sourcecode.swift; path = SignUpViewController.swift; sourceTree = "<group>"; };
		8C4AF44625D067B000FF4C99 /* PickerView.swift */ = {isa = PBXFileReference; lastKnownFileType = sourcecode.swift; path = PickerView.swift; sourceTree = "<group>"; };
		8C4AF44925D06F5A00FF4C99 /* SignUpViewModel.swift */ = {isa = PBXFileReference; lastKnownFileType = sourcecode.swift; path = SignUpViewModel.swift; sourceTree = "<group>"; };
		8C4AF44C25D070EE00FF4C99 /* LoginViewModel.swift */ = {isa = PBXFileReference; lastKnownFileType = sourcecode.swift; path = LoginViewModel.swift; sourceTree = "<group>"; };
		8C4AF44F25D0724E00FF4C99 /* FirebaseInstances.swift */ = {isa = PBXFileReference; lastKnownFileType = sourcecode.swift; path = FirebaseInstances.swift; sourceTree = "<group>"; };
		8C4AF45225D074C500FF4C99 /* AuthService.swift */ = {isa = PBXFileReference; lastKnownFileType = sourcecode.swift; path = AuthService.swift; sourceTree = "<group>"; };
		8C4AF45625D0781200FF4C99 /* DBService.swift */ = {isa = PBXFileReference; lastKnownFileType = sourcecode.swift; path = DBService.swift; sourceTree = "<group>"; };
		8C4AF45925D078E200FF4C99 /* Constants.swift */ = {isa = PBXFileReference; lastKnownFileType = sourcecode.swift; path = Constants.swift; sourceTree = "<group>"; };
		8C4AF45C25D07A1200FF4C99 /* StorageService.swift */ = {isa = PBXFileReference; lastKnownFileType = sourcecode.swift; path = StorageService.swift; sourceTree = "<group>"; };
		8C4AF46325D099AF00FF4C99 /* Progress.swift */ = {isa = PBXFileReference; lastKnownFileType = sourcecode.swift; path = Progress.swift; sourceTree = "<group>"; };
		8C9DAD4025CFA50A00CE1847 /* Instagram-MVVM.app */ = {isa = PBXFileReference; explicitFileType = wrapper.application; includeInIndex = 0; path = "Instagram-MVVM.app"; sourceTree = BUILT_PRODUCTS_DIR; };
		8C9DAD4325CFA50A00CE1847 /* AppDelegate.swift */ = {isa = PBXFileReference; lastKnownFileType = sourcecode.swift; path = AppDelegate.swift; sourceTree = "<group>"; };
		8C9DAD4525CFA50A00CE1847 /* SceneDelegate.swift */ = {isa = PBXFileReference; lastKnownFileType = sourcecode.swift; path = SceneDelegate.swift; sourceTree = "<group>"; };
		8C9DAD4C25CFA50B00CE1847 /* Assets.xcassets */ = {isa = PBXFileReference; lastKnownFileType = folder.assetcatalog; path = Assets.xcassets; sourceTree = "<group>"; };
		8C9DAD4F25CFA50B00CE1847 /* Base */ = {isa = PBXFileReference; lastKnownFileType = file.storyboard; name = Base; path = Base.lproj/LaunchScreen.storyboard; sourceTree = "<group>"; };
		8C9DAD5125CFA50B00CE1847 /* Info.plist */ = {isa = PBXFileReference; lastKnownFileType = text.plist.xml; path = Info.plist; sourceTree = "<group>"; };
		8C9DAD6625CFA92600CE1847 /* MainViewController.swift */ = {isa = PBXFileReference; lastKnownFileType = sourcecode.swift; path = MainViewController.swift; sourceTree = "<group>"; };
		8C9DAD7E25CFB25300CE1847 /* GoogleService-Info.plist */ = {isa = PBXFileReference; fileEncoding = 4; lastKnownFileType = text.plist.xml; path = "GoogleService-Info.plist"; sourceTree = "<group>"; };
		8C9DAD8425CFB82100CE1847 /* FeedViewController.swift */ = {isa = PBXFileReference; lastKnownFileType = sourcecode.swift; path = FeedViewController.swift; sourceTree = "<group>"; };
		8C9DAD8725CFB82A00CE1847 /* SearchViewController.swift */ = {isa = PBXFileReference; lastKnownFileType = sourcecode.swift; path = SearchViewController.swift; sourceTree = "<group>"; };
		8C9DAD8A25CFB83600CE1847 /* ImageSelectorViewController.swift */ = {isa = PBXFileReference; lastKnownFileType = sourcecode.swift; path = ImageSelectorViewController.swift; sourceTree = "<group>"; };
		8C9DAD8D25CFB84300CE1847 /* NotificationsViewController.swift */ = {isa = PBXFileReference; lastKnownFileType = sourcecode.swift; path = NotificationsViewController.swift; sourceTree = "<group>"; };
		8C9DAD9025CFB84C00CE1847 /* ProfileViewController.swift */ = {isa = PBXFileReference; lastKnownFileType = sourcecode.swift; path = ProfileViewController.swift; sourceTree = "<group>"; };
		8C9DAD9925CFBCCD00CE1847 /* UIViewContronllerExt.swift */ = {isa = PBXFileReference; lastKnownFileType = sourcecode.swift; path = UIViewContronllerExt.swift; sourceTree = "<group>"; };
		8C9DAD9C25CFBE6C00CE1847 /* FactoryTabBarIcons.swift */ = {isa = PBXFileReference; lastKnownFileType = sourcecode.swift; path = FactoryTabBarIcons.swift; sourceTree = "<group>"; };
		8C9DADA025CFC52300CE1847 /* BindingTextField.swift */ = {isa = PBXFileReference; lastKnownFileType = sourcecode.swift; path = BindingTextField.swift; sourceTree = "<group>"; };
		8C9DADA825CFC78000CE1847 /* UIAlertActionExt.swift */ = {isa = PBXFileReference; lastKnownFileType = sourcecode.swift; path = UIAlertActionExt.swift; sourceTree = "<group>"; };
		8C9DADAB25CFC83D00CE1847 /* StringExt.swift */ = {isa = PBXFileReference; lastKnownFileType = sourcecode.swift; path = StringExt.swift; sourceTree = "<group>"; };
		8C9DADAE25CFC8FE00CE1847 /* UIColorExt.swift */ = {isa = PBXFileReference; lastKnownFileType = sourcecode.swift; path = UIColorExt.swift; sourceTree = "<group>"; };
		8C9DADB125CFC92400CE1847 /* NSNotificationExt.swift */ = {isa = PBXFileReference; lastKnownFileType = sourcecode.swift; path = NSNotificationExt.swift; sourceTree = "<group>"; };
		8C9DADB425CFC95300CE1847 /* UIButtonExt.swift */ = {isa = PBXFileReference; lastKnownFileType = sourcecode.swift; path = UIButtonExt.swift; sourceTree = "<group>"; };
		8C9DADB725CFC99B00CE1847 /* UILabelExt.swift */ = {isa = PBXFileReference; lastKnownFileType = sourcecode.swift; path = UILabelExt.swift; sourceTree = "<group>"; };
		8C9DADBA25CFC9F200CE1847 /* UITextFieldExt.swift */ = {isa = PBXFileReference; lastKnownFileType = sourcecode.swift; path = UITextFieldExt.swift; sourceTree = "<group>"; };
		8C9DADBD25CFCA3500CE1847 /* UIViewExt.swift */ = {isa = PBXFileReference; lastKnownFileType = sourcecode.swift; path = UIViewExt.swift; sourceTree = "<group>"; };
		8C9DADC025CFCB1A00CE1847 /* UIImageExt.swift */ = {isa = PBXFileReference; lastKnownFileType = sourcecode.swift; path = UIImageExt.swift; sourceTree = "<group>"; };
		8CA4D6CB25D0BC1800208F91 /* NotificationNameExt.swift */ = {isa = PBXFileReference; lastKnownFileType = sourcecode.swift; path = NotificationNameExt.swift; sourceTree = "<group>"; };
		8CA4D6CE25D0CBD900208F91 /* FeedCell.swift */ = {isa = PBXFileReference; lastKnownFileType = sourcecode.swift; path = FeedCell.swift; sourceTree = "<group>"; };
/* End PBXFileReference section */

/* Begin PBXFrameworksBuildPhase section */
		8C9DAD3D25CFA50A00CE1847 /* Frameworks */ = {
			isa = PBXFrameworksBuildPhase;
			buildActionMask = 2147483647;
			files = (
				8C9DAD7625CFB02000CE1847 /* FirebaseRemoteConfig in Frameworks */,
				8C9DADA625CFC69C00CE1847 /* Loaf in Frameworks */,
				8C9DAD7C25CFB02000CE1847 /* FirebaseFirestore in Frameworks */,
				8C9DAD7A25CFB02000CE1847 /* FirebaseAuth in Frameworks */,
				8C4AF46125D098DC00FF4C99 /* JGProgressHUD in Frameworks */,
				8C9DAD7825CFB02000CE1847 /* FirebaseStorage in Frameworks */,
			);
			runOnlyForDeploymentPostprocessing = 0;
		};
/* End PBXFrameworksBuildPhase section */

/* Begin PBXGroup section */
		8C4AF43B25D0438200FF4C99 /* Login */ = {
			isa = PBXGroup;
			children = (
				8C4AF43E25D0439B00FF4C99 /* LoginViewController.swift */,
			);
			path = Login;
			sourceTree = "<group>";
		};
		8C4AF44125D059D700FF4C99 /* SignUp */ = {
			isa = PBXGroup;
			children = (
				8C4AF44225D059ED00FF4C99 /* SignUpViewController.swift */,
			);
			path = SignUp;
			sourceTree = "<group>";
		};
		8C9DAD3725CFA50A00CE1847 = {
			isa = PBXGroup;
			children = (
				8C9DAD4225CFA50A00CE1847 /* Instagram-MVVM */,
				8C9DAD4125CFA50A00CE1847 /* Products */,
			);
			sourceTree = "<group>";
		};
		8C9DAD4125CFA50A00CE1847 /* Products */ = {
			isa = PBXGroup;
			children = (
				8C9DAD4025CFA50A00CE1847 /* Instagram-MVVM.app */,
			);
			name = Products;
			sourceTree = "<group>";
		};
		8C9DAD4225CFA50A00CE1847 /* Instagram-MVVM */ = {
			isa = PBXGroup;
			children = (
				8C9DAD5C25CFA89F00CE1847 /* System */,
				8C9DAD6525CFA8E500CE1847 /* Model */,
				8C9DAD6425CFA8E300CE1847 /* ViewModel */,
				8C9DAD6325CFA8E200CE1847 /* View */,
				8C9DAD6025CFA8D600CE1847 /* Services */,
				8C9DAD5F25CFA8CF00CE1847 /* Util */,
				8C9DAD4C25CFA50B00CE1847 /* Assets.xcassets */,
				8C9DAD7E25CFB25300CE1847 /* GoogleService-Info.plist */,
			);
			path = "Instagram-MVVM";
			sourceTree = "<group>";
		};
		8C9DAD5C25CFA89F00CE1847 /* System */ = {
			isa = PBXGroup;
			children = (
				8C9DAD4325CFA50A00CE1847 /* AppDelegate.swift */,
				8C9DAD4525CFA50A00CE1847 /* SceneDelegate.swift */,
				8C9DAD5125CFA50B00CE1847 /* Info.plist */,
			);
			path = System;
			sourceTree = "<group>";
		};
		8C9DAD5F25CFA8CF00CE1847 /* Util */ = {
			isa = PBXGroup;
			children = (
				8C9DAD9F25CFC50A00CE1847 /* Components */,
				8C9DAD6A25CFA96700CE1847 /* Extensions */,
				8C4AF45925D078E200FF4C99 /* Constants.swift */,
			);
			path = Util;
			sourceTree = "<group>";
		};
		8C9DAD6025CFA8D600CE1847 /* Services */ = {
			isa = PBXGroup;
			children = (
				8C4AF44F25D0724E00FF4C99 /* FirebaseInstances.swift */,
				8C4AF45225D074C500FF4C99 /* AuthService.swift */,
				8C4AF45625D0781200FF4C99 /* DBService.swift */,
				8C4AF45C25D07A1200FF4C99 /* StorageService.swift */,
				8C3C12D925D226D000881764 /* UserService.swift */,
			);
			path = Services;
			sourceTree = "<group>";
		};
		8C9DAD6325CFA8E200CE1847 /* View */ = {
			isa = PBXGroup;
			children = (
				8C4AF44125D059D700FF4C99 /* SignUp */,
				8C4AF43B25D0438200FF4C99 /* Login */,
				8C9DAD6C25CFAC0E00CE1847 /* LauchScreen */,
				8C9DAD6D25CFAC1B00CE1847 /* Main */,
				8C9DAD6E25CFAC4700CE1847 /* Feed */,
				8C9DAD6F25CFAC5000CE1847 /* Search */,
				8C9DAD7025CFACEC00CE1847 /* ImageSelector */,
				8C9DAD8125CFB60200CE1847 /* Notifications */,
				8C9DAD8225CFB60700CE1847 /* Profile */,
			);
			path = View;
			sourceTree = "<group>";
		};
		8C9DAD6425CFA8E300CE1847 /* ViewModel */ = {
			isa = PBXGroup;
			children = (
				8C4AF44925D06F5A00FF4C99 /* SignUpViewModel.swift */,
				8C4AF44C25D070EE00FF4C99 /* LoginViewModel.swift */,
			);
			path = ViewModel;
			sourceTree = "<group>";
		};
		8C9DAD6525CFA8E500CE1847 /* Model */ = {
			isa = PBXGroup;
			children = (
				8C3C12DD25D2288500881764 /* User.swift */,
			);
			path = Model;
			sourceTree = "<group>";
		};
		8C9DAD6A25CFA96700CE1847 /* Extensions */ = {
			isa = PBXGroup;
			children = (
				8C9DAD9925CFBCCD00CE1847 /* UIViewContronllerExt.swift */,
				8C9DADA825CFC78000CE1847 /* UIAlertActionExt.swift */,
				8C9DADAB25CFC83D00CE1847 /* StringExt.swift */,
				8C9DADAE25CFC8FE00CE1847 /* UIColorExt.swift */,
				8C9DADB125CFC92400CE1847 /* NSNotificationExt.swift */,
				8C9DADB425CFC95300CE1847 /* UIButtonExt.swift */,
				8C9DADB725CFC99B00CE1847 /* UILabelExt.swift */,
				8C9DADBA25CFC9F200CE1847 /* UITextFieldExt.swift */,
				8C9DADBD25CFCA3500CE1847 /* UIViewExt.swift */,
				8C9DADC025CFCB1A00CE1847 /* UIImageExt.swift */,
				8CA4D6CB25D0BC1800208F91 /* NotificationNameExt.swift */,
				8C3C12E125D22E5E00881764 /* EncodableExt.swift */,
				8C3C12E425D22E7A00881764 /* DataExt.swift */,
				8C3C12E725D230F600881764 /* DictionaryExt.swift */,
			);
			path = Extensions;
			sourceTree = "<group>";
		};
		8C9DAD6C25CFAC0E00CE1847 /* LauchScreen */ = {
			isa = PBXGroup;
			children = (
				8C9DAD4E25CFA50B00CE1847 /* LaunchScreen.storyboard */,
			);
			path = LauchScreen;
			sourceTree = "<group>";
		};
		8C9DAD6D25CFAC1B00CE1847 /* Main */ = {
			isa = PBXGroup;
			children = (
				8C9DAD6625CFA92600CE1847 /* MainViewController.swift */,
				8C9DAD9C25CFBE6C00CE1847 /* FactoryTabBarIcons.swift */,
			);
			path = Main;
			sourceTree = "<group>";
		};
		8C9DAD6E25CFAC4700CE1847 /* Feed */ = {
			isa = PBXGroup;
			children = (
				8C9DAD8425CFB82100CE1847 /* FeedViewController.swift */,
				8CA4D6CE25D0CBD900208F91 /* FeedCell.swift */,
			);
			path = Feed;
			sourceTree = "<group>";
		};
		8C9DAD6F25CFAC5000CE1847 /* Search */ = {
			isa = PBXGroup;
			children = (
				8C9DAD8725CFB82A00CE1847 /* SearchViewController.swift */,
			);
			path = Search;
			sourceTree = "<group>";
		};
		8C9DAD7025CFACEC00CE1847 /* ImageSelector */ = {
			isa = PBXGroup;
			children = (
				8C9DAD8A25CFB83600CE1847 /* ImageSelectorViewController.swift */,
			);
			path = ImageSelector;
			sourceTree = "<group>";
		};
		8C9DAD8125CFB60200CE1847 /* Notifications */ = {
			isa = PBXGroup;
			children = (
				8C9DAD8D25CFB84300CE1847 /* NotificationsViewController.swift */,
			);
			path = Notifications;
			sourceTree = "<group>";
		};
		8C9DAD8225CFB60700CE1847 /* Profile */ = {
			isa = PBXGroup;
			children = (
				8C9DAD9025CFB84C00CE1847 /* ProfileViewController.swift */,
				8C3C12D325D206B000881764 /* ProfileHeaderView.swift */,
				8C3C12D625D206D500881764 /* ProfileCell.swift */,
			);
			path = Profile;
			sourceTree = "<group>";
		};
		8C9DAD9F25CFC50A00CE1847 /* Components */ = {
			isa = PBXGroup;
			children = (
				8C9DADA025CFC52300CE1847 /* BindingTextField.swift */,
				8C4AF44625D067B000FF4C99 /* PickerView.swift */,
				8C4AF46325D099AF00FF4C99 /* Progress.swift */,
			);
			path = Components;
			sourceTree = "<group>";
		};
/* End PBXGroup section */

/* Begin PBXNativeTarget section */
		8C9DAD3F25CFA50A00CE1847 /* Instagram-MVVM */ = {
			isa = PBXNativeTarget;
			buildConfigurationList = 8C9DAD5425CFA50B00CE1847 /* Build configuration list for PBXNativeTarget "Instagram-MVVM" */;
			buildPhases = (
				8C9DAD3C25CFA50A00CE1847 /* Sources */,
				8C9DAD3D25CFA50A00CE1847 /* Frameworks */,
				8C9DAD3E25CFA50A00CE1847 /* Resources */,
			);
			buildRules = (
			);
			dependencies = (
			);
			name = "Instagram-MVVM";
			packageProductDependencies = (
				8C9DAD7525CFB02000CE1847 /* FirebaseRemoteConfig */,
				8C9DAD7725CFB02000CE1847 /* FirebaseStorage */,
				8C9DAD7925CFB02000CE1847 /* FirebaseAuth */,
				8C9DAD7B25CFB02000CE1847 /* FirebaseFirestore */,
				8C9DADA525CFC69C00CE1847 /* Loaf */,
				8C4AF46025D098DC00FF4C99 /* JGProgressHUD */,
			);
			productName = "Instagram-MVVM";
			productReference = 8C9DAD4025CFA50A00CE1847 /* Instagram-MVVM.app */;
			productType = "com.apple.product-type.application";
		};
/* End PBXNativeTarget section */

/* Begin PBXProject section */
		8C9DAD3825CFA50A00CE1847 /* Project object */ = {
			isa = PBXProject;
			attributes = {
				LastSwiftUpdateCheck = 1240;
				LastUpgradeCheck = 1240;
				TargetAttributes = {
					8C9DAD3F25CFA50A00CE1847 = {
						CreatedOnToolsVersion = 12.4;
					};
				};
			};
			buildConfigurationList = 8C9DAD3B25CFA50A00CE1847 /* Build configuration list for PBXProject "Instagram-MVVM" */;
			compatibilityVersion = "Xcode 9.3";
			developmentRegion = en;
			hasScannedForEncodings = 0;
			knownRegions = (
				en,
				Base,
			);
			mainGroup = 8C9DAD3725CFA50A00CE1847;
			packageReferences = (
				8C9DAD7425CFB02000CE1847 /* XCRemoteSwiftPackageReference "firebase-ios-sdk" */,
				8C9DADA425CFC69C00CE1847 /* XCRemoteSwiftPackageReference "Loaf" */,
				8C4AF45F25D098DC00FF4C99 /* XCRemoteSwiftPackageReference "JGProgressHUD" */,
			);
			productRefGroup = 8C9DAD4125CFA50A00CE1847 /* Products */;
			projectDirPath = "";
			projectRoot = "";
			targets = (
				8C9DAD3F25CFA50A00CE1847 /* Instagram-MVVM */,
			);
		};
/* End PBXProject section */

/* Begin PBXResourcesBuildPhase section */
		8C9DAD3E25CFA50A00CE1847 /* Resources */ = {
			isa = PBXResourcesBuildPhase;
			buildActionMask = 2147483647;
			files = (
				8C9DAD5025CFA50B00CE1847 /* LaunchScreen.storyboard in Resources */,
				8C9DAD4D25CFA50B00CE1847 /* Assets.xcassets in Resources */,
				8C9DAD7F25CFB25300CE1847 /* GoogleService-Info.plist in Resources */,
			);
			runOnlyForDeploymentPostprocessing = 0;
		};
/* End PBXResourcesBuildPhase section */

/* Begin PBXSourcesBuildPhase section */
		8C9DAD3C25CFA50A00CE1847 /* Sources */ = {
			isa = PBXSourcesBuildPhase;
			buildActionMask = 2147483647;
			files = (
				8C4AF46425D099AF00FF4C99 /* Progress.swift in Sources */,
				8C3C12E525D22E7A00881764 /* DataExt.swift in Sources */,
				8C4AF44325D059ED00FF4C99 /* SignUpViewController.swift in Sources */,
				8C4AF43F25D0439B00FF4C99 /* LoginViewController.swift in Sources */,
				8C9DAD8825CFB82A00CE1847 /* SearchViewController.swift in Sources */,
				8C3C12E825D230F600881764 /* DictionaryExt.swift in Sources */,
				8C9DADAC25CFC83D00CE1847 /* StringExt.swift in Sources */,
				8C9DADB225CFC92400CE1847 /* NSNotificationExt.swift in Sources */,
				8C4AF45A25D078E200FF4C99 /* Constants.swift in Sources */,
				8C9DAD6725CFA92600CE1847 /* MainViewController.swift in Sources */,
				8C9DAD4425CFA50A00CE1847 /* AppDelegate.swift in Sources */,
				8C3C12E225D22E5E00881764 /* EncodableExt.swift in Sources */,
				8C9DADC125CFCB1A00CE1847 /* UIImageExt.swift in Sources */,
				8C9DAD9A25CFBCCD00CE1847 /* UIViewContronllerExt.swift in Sources */,
				8C4AF45025D0724E00FF4C99 /* FirebaseInstances.swift in Sources */,
				8C9DAD8E25CFB84300CE1847 /* NotificationsViewController.swift in Sources */,
				8CA4D6CC25D0BC1800208F91 /* NotificationNameExt.swift in Sources */,
				8C4AF44A25D06F5A00FF4C99 /* SignUpViewModel.swift in Sources */,
				8C9DADB525CFC95300CE1847 /* UIButtonExt.swift in Sources */,
				8C9DAD8525CFB82100CE1847 /* FeedViewController.swift in Sources */,
				8C4AF44D25D070EE00FF4C99 /* LoginViewModel.swift in Sources */,
				8C9DADBB25CFC9F200CE1847 /* UITextFieldExt.swift in Sources */,
				8C4AF44725D067B000FF4C99 /* PickerView.swift in Sources */,
				8C3C12DA25D226D000881764 /* UserService.swift in Sources */,
				8C4AF45725D0781200FF4C99 /* DBService.swift in Sources */,
				8C3C12D425D206B000881764 /* ProfileHeaderView.swift in Sources */,
				8C3C12DE25D2288500881764 /* User.swift in Sources */,
				8C4AF45325D074C500FF4C99 /* AuthService.swift in Sources */,
				8C9DADB825CFC99B00CE1847 /* UILabelExt.swift in Sources */,
				8C9DADA925CFC78000CE1847 /* UIAlertActionExt.swift in Sources */,
				8C9DADBE25CFCA3500CE1847 /* UIViewExt.swift in Sources */,
				8C9DAD4625CFA50A00CE1847 /* SceneDelegate.swift in Sources */,
				8CA4D6CF25D0CBD900208F91 /* FeedCell.swift in Sources */,
				8C9DAD9D25CFBE6C00CE1847 /* FactoryTabBarIcons.swift in Sources */,
				8C4AF45D25D07A1200FF4C99 /* StorageService.swift in Sources */,
				8C9DADA125CFC52300CE1847 /* BindingTextField.swift in Sources */,
				8C9DADAF25CFC8FE00CE1847 /* UIColorExt.swift in Sources */,
				8C9DAD9125CFB84C00CE1847 /* ProfileViewController.swift in Sources */,
				8C9DAD8B25CFB83600CE1847 /* ImageSelectorViewController.swift in Sources */,
				8C3C12D725D206D500881764 /* ProfileCell.swift in Sources */,
			);
			runOnlyForDeploymentPostprocessing = 0;
		};
/* End PBXSourcesBuildPhase section */

/* Begin PBXVariantGroup section */
		8C9DAD4E25CFA50B00CE1847 /* LaunchScreen.storyboard */ = {
			isa = PBXVariantGroup;
			children = (
				8C9DAD4F25CFA50B00CE1847 /* Base */,
			);
			name = LaunchScreen.storyboard;
			sourceTree = "<group>";
		};
/* End PBXVariantGroup section */

/* Begin XCBuildConfiguration section */
		8C9DAD5225CFA50B00CE1847 /* Debug */ = {
			isa = XCBuildConfiguration;
			buildSettings = {
				ALWAYS_SEARCH_USER_PATHS = NO;
				CLANG_ANALYZER_NONNULL = YES;
				CLANG_ANALYZER_NUMBER_OBJECT_CONVERSION = YES_AGGRESSIVE;
				CLANG_CXX_LANGUAGE_STANDARD = "gnu++14";
				CLANG_CXX_LIBRARY = "libc++";
				CLANG_ENABLE_MODULES = YES;
				CLANG_ENABLE_OBJC_ARC = YES;
				CLANG_ENABLE_OBJC_WEAK = YES;
				CLANG_WARN_BLOCK_CAPTURE_AUTORELEASING = YES;
				CLANG_WARN_BOOL_CONVERSION = YES;
				CLANG_WARN_COMMA = YES;
				CLANG_WARN_CONSTANT_CONVERSION = YES;
				CLANG_WARN_DEPRECATED_OBJC_IMPLEMENTATIONS = YES;
				CLANG_WARN_DIRECT_OBJC_ISA_USAGE = YES_ERROR;
				CLANG_WARN_DOCUMENTATION_COMMENTS = YES;
				CLANG_WARN_EMPTY_BODY = YES;
				CLANG_WARN_ENUM_CONVERSION = YES;
				CLANG_WARN_INFINITE_RECURSION = YES;
				CLANG_WARN_INT_CONVERSION = YES;
				CLANG_WARN_NON_LITERAL_NULL_CONVERSION = YES;
				CLANG_WARN_OBJC_IMPLICIT_RETAIN_SELF = YES;
				CLANG_WARN_OBJC_LITERAL_CONVERSION = YES;
				CLANG_WARN_OBJC_ROOT_CLASS = YES_ERROR;
				CLANG_WARN_QUOTED_INCLUDE_IN_FRAMEWORK_HEADER = YES;
				CLANG_WARN_RANGE_LOOP_ANALYSIS = YES;
				CLANG_WARN_STRICT_PROTOTYPES = YES;
				CLANG_WARN_SUSPICIOUS_MOVE = YES;
				CLANG_WARN_UNGUARDED_AVAILABILITY = YES_AGGRESSIVE;
				CLANG_WARN_UNREACHABLE_CODE = YES;
				CLANG_WARN__DUPLICATE_METHOD_MATCH = YES;
				COPY_PHASE_STRIP = NO;
				DEBUG_INFORMATION_FORMAT = dwarf;
				ENABLE_STRICT_OBJC_MSGSEND = YES;
				ENABLE_TESTABILITY = YES;
				GCC_C_LANGUAGE_STANDARD = gnu11;
				GCC_DYNAMIC_NO_PIC = NO;
				GCC_NO_COMMON_BLOCKS = YES;
				GCC_OPTIMIZATION_LEVEL = 0;
				GCC_PREPROCESSOR_DEFINITIONS = (
					"DEBUG=1",
					"$(inherited)",
				);
				GCC_WARN_64_TO_32_BIT_CONVERSION = YES;
				GCC_WARN_ABOUT_RETURN_TYPE = YES_ERROR;
				GCC_WARN_UNDECLARED_SELECTOR = YES;
				GCC_WARN_UNINITIALIZED_AUTOS = YES_AGGRESSIVE;
				GCC_WARN_UNUSED_FUNCTION = YES;
				GCC_WARN_UNUSED_VARIABLE = YES;
				IPHONEOS_DEPLOYMENT_TARGET = 14.4;
				MTL_ENABLE_DEBUG_INFO = INCLUDE_SOURCE;
				MTL_FAST_MATH = YES;
				ONLY_ACTIVE_ARCH = YES;
				SDKROOT = iphoneos;
				SWIFT_ACTIVE_COMPILATION_CONDITIONS = DEBUG;
				SWIFT_OPTIMIZATION_LEVEL = "-Onone";
			};
			name = Debug;
		};
		8C9DAD5325CFA50B00CE1847 /* Release */ = {
			isa = XCBuildConfiguration;
			buildSettings = {
				ALWAYS_SEARCH_USER_PATHS = NO;
				CLANG_ANALYZER_NONNULL = YES;
				CLANG_ANALYZER_NUMBER_OBJECT_CONVERSION = YES_AGGRESSIVE;
				CLANG_CXX_LANGUAGE_STANDARD = "gnu++14";
				CLANG_CXX_LIBRARY = "libc++";
				CLANG_ENABLE_MODULES = YES;
				CLANG_ENABLE_OBJC_ARC = YES;
				CLANG_ENABLE_OBJC_WEAK = YES;
				CLANG_WARN_BLOCK_CAPTURE_AUTORELEASING = YES;
				CLANG_WARN_BOOL_CONVERSION = YES;
				CLANG_WARN_COMMA = YES;
				CLANG_WARN_CONSTANT_CONVERSION = YES;
				CLANG_WARN_DEPRECATED_OBJC_IMPLEMENTATIONS = YES;
				CLANG_WARN_DIRECT_OBJC_ISA_USAGE = YES_ERROR;
				CLANG_WARN_DOCUMENTATION_COMMENTS = YES;
				CLANG_WARN_EMPTY_BODY = YES;
				CLANG_WARN_ENUM_CONVERSION = YES;
				CLANG_WARN_INFINITE_RECURSION = YES;
				CLANG_WARN_INT_CONVERSION = YES;
				CLANG_WARN_NON_LITERAL_NULL_CONVERSION = YES;
				CLANG_WARN_OBJC_IMPLICIT_RETAIN_SELF = YES;
				CLANG_WARN_OBJC_LITERAL_CONVERSION = YES;
				CLANG_WARN_OBJC_ROOT_CLASS = YES_ERROR;
				CLANG_WARN_QUOTED_INCLUDE_IN_FRAMEWORK_HEADER = YES;
				CLANG_WARN_RANGE_LOOP_ANALYSIS = YES;
				CLANG_WARN_STRICT_PROTOTYPES = YES;
				CLANG_WARN_SUSPICIOUS_MOVE = YES;
				CLANG_WARN_UNGUARDED_AVAILABILITY = YES_AGGRESSIVE;
				CLANG_WARN_UNREACHABLE_CODE = YES;
				CLANG_WARN__DUPLICATE_METHOD_MATCH = YES;
				COPY_PHASE_STRIP = NO;
				DEBUG_INFORMATION_FORMAT = "dwarf-with-dsym";
				ENABLE_NS_ASSERTIONS = NO;
				ENABLE_STRICT_OBJC_MSGSEND = YES;
				GCC_C_LANGUAGE_STANDARD = gnu11;
				GCC_NO_COMMON_BLOCKS = YES;
				GCC_WARN_64_TO_32_BIT_CONVERSION = YES;
				GCC_WARN_ABOUT_RETURN_TYPE = YES_ERROR;
				GCC_WARN_UNDECLARED_SELECTOR = YES;
				GCC_WARN_UNINITIALIZED_AUTOS = YES_AGGRESSIVE;
				GCC_WARN_UNUSED_FUNCTION = YES;
				GCC_WARN_UNUSED_VARIABLE = YES;
				IPHONEOS_DEPLOYMENT_TARGET = 14.4;
				MTL_ENABLE_DEBUG_INFO = NO;
				MTL_FAST_MATH = YES;
				SDKROOT = iphoneos;
				SWIFT_COMPILATION_MODE = wholemodule;
				SWIFT_OPTIMIZATION_LEVEL = "-O";
				VALIDATE_PRODUCT = YES;
			};
			name = Release;
		};
		8C9DAD5525CFA50B00CE1847 /* Debug */ = {
			isa = XCBuildConfiguration;
			buildSettings = {
				ASSETCATALOG_COMPILER_APPICON_NAME = AppIcon;
				ASSETCATALOG_COMPILER_GLOBAL_ACCENT_COLOR_NAME = AccentColor;
				CODE_SIGN_STYLE = Automatic;
				DEVELOPMENT_TEAM = VVQ8F653L6;
				INFOPLIST_FILE = "$(SRCROOT)/Instagram-MVVM/System/Info.plist";
				LD_RUNPATH_SEARCH_PATHS = (
					"$(inherited)",
					"@executable_path/Frameworks",
				);
				PRODUCT_BUNDLE_IDENTIFIER = "jeanpaull.Instagram-MVVM";
				PRODUCT_NAME = "$(TARGET_NAME)";
				SWIFT_VERSION = 5.0;
				TARGETED_DEVICE_FAMILY = 1;
			};
			name = Debug;
		};
		8C9DAD5625CFA50B00CE1847 /* Release */ = {
			isa = XCBuildConfiguration;
			buildSettings = {
				ASSETCATALOG_COMPILER_APPICON_NAME = AppIcon;
				ASSETCATALOG_COMPILER_GLOBAL_ACCENT_COLOR_NAME = AccentColor;
				CODE_SIGN_STYLE = Automatic;
				DEVELOPMENT_TEAM = VVQ8F653L6;
				INFOPLIST_FILE = "$(SRCROOT)/Instagram-MVVM/System/Info.plist";
				LD_RUNPATH_SEARCH_PATHS = (
					"$(inherited)",
					"@executable_path/Frameworks",
				);
				PRODUCT_BUNDLE_IDENTIFIER = "jeanpaull.Instagram-MVVM";
				PRODUCT_NAME = "$(TARGET_NAME)";
				SWIFT_VERSION = 5.0;
				TARGETED_DEVICE_FAMILY = 1;
			};
			name = Release;
		};
/* End XCBuildConfiguration section */

/* Begin XCConfigurationList section */
		8C9DAD3B25CFA50A00CE1847 /* Build configuration list for PBXProject "Instagram-MVVM" */ = {
			isa = XCConfigurationList;
			buildConfigurations = (
				8C9DAD5225CFA50B00CE1847 /* Debug */,
				8C9DAD5325CFA50B00CE1847 /* Release */,
			);
			defaultConfigurationIsVisible = 0;
			defaultConfigurationName = Release;
		};
		8C9DAD5425CFA50B00CE1847 /* Build configuration list for PBXNativeTarget "Instagram-MVVM" */ = {
			isa = XCConfigurationList;
			buildConfigurations = (
				8C9DAD5525CFA50B00CE1847 /* Debug */,
				8C9DAD5625CFA50B00CE1847 /* Release */,
			);
			defaultConfigurationIsVisible = 0;
			defaultConfigurationName = Release;
		};
/* End XCConfigurationList section */

/* Begin XCRemoteSwiftPackageReference section */
		8C4AF45F25D098DC00FF4C99 /* XCRemoteSwiftPackageReference "JGProgressHUD" */ = {
			isa = XCRemoteSwiftPackageReference;
			repositoryURL = "https://github.com/JonasGessner/JGProgressHUD.git";
			requirement = {
				kind = upToNextMajorVersion;
				minimumVersion = 2.2.0;
			};
		};
		8C9DAD7425CFB02000CE1847 /* XCRemoteSwiftPackageReference "firebase-ios-sdk" */ = {
			isa = XCRemoteSwiftPackageReference;
			repositoryURL = "https://github.com/firebase/firebase-ios-sdk.git";
			requirement = {
				kind = upToNextMajorVersion;
				minimumVersion = 7.5.1;
			};
		};
		8C9DADA425CFC69C00CE1847 /* XCRemoteSwiftPackageReference "Loaf" */ = {
			isa = XCRemoteSwiftPackageReference;
			repositoryURL = "https://github.com/schmidyy/Loaf/";
			requirement = {
				kind = upToNextMajorVersion;
				minimumVersion = 0.7.0;
			};
		};
/* End XCRemoteSwiftPackageReference section */

/* Begin XCSwiftPackageProductDependency section */
		8C4AF46025D098DC00FF4C99 /* JGProgressHUD */ = {
			isa = XCSwiftPackageProductDependency;
			package = 8C4AF45F25D098DC00FF4C99 /* XCRemoteSwiftPackageReference "JGProgressHUD" */;
			productName = JGProgressHUD;
		};
		8C9DAD7525CFB02000CE1847 /* FirebaseRemoteConfig */ = {
			isa = XCSwiftPackageProductDependency;
			package = 8C9DAD7425CFB02000CE1847 /* XCRemoteSwiftPackageReference "firebase-ios-sdk" */;
			productName = FirebaseRemoteConfig;
		};
		8C9DAD7725CFB02000CE1847 /* FirebaseStorage */ = {
			isa = XCSwiftPackageProductDependency;
			package = 8C9DAD7425CFB02000CE1847 /* XCRemoteSwiftPackageReference "firebase-ios-sdk" */;
			productName = FirebaseStorage;
		};
		8C9DAD7925CFB02000CE1847 /* FirebaseAuth */ = {
			isa = XCSwiftPackageProductDependency;
			package = 8C9DAD7425CFB02000CE1847 /* XCRemoteSwiftPackageReference "firebase-ios-sdk" */;
			productName = FirebaseAuth;
		};
		8C9DAD7B25CFB02000CE1847 /* FirebaseFirestore */ = {
			isa = XCSwiftPackageProductDependency;
			package = 8C9DAD7425CFB02000CE1847 /* XCRemoteSwiftPackageReference "firebase-ios-sdk" */;
			productName = FirebaseFirestore;
		};
		8C9DADA525CFC69C00CE1847 /* Loaf */ = {
			isa = XCSwiftPackageProductDependency;
			package = 8C9DADA425CFC69C00CE1847 /* XCRemoteSwiftPackageReference "Loaf" */;
			productName = Loaf;
		};
/* End XCSwiftPackageProductDependency section */
	};
	rootObject = 8C9DAD3825CFA50A00CE1847 /* Project object */;
}
